
Microsoft Visual Studio Solution File, Format Version 12.00
# Visual Studio Version 17
VisualStudioVersion = 17.2.32630.192
MinimumVisualStudioVersion = 10.0.40219.1
Project("{9A19103F-16F7-4668-BE54-9A1E7A4F7556}") = "API", "API\API.csproj", "{700A7978-8A8D-465F-A16F-57B15C2F9498}"
EndProject
Project("{9A19103F-16F7-4668-BE54-9A1E7A4F7556}") = "SQS", "SQS\SQS.csproj", "{75FA59BB-647A-4B79-9396-D146128A45A6}"
EndProject
Global
	GlobalSection(SolutionConfigurationPlatforms) = preSolution
		Debug|Any CPU = Debug|Any CPU
		Release|Any CPU = Release|Any CPU
	EndGlobalSection
	GlobalSection(ProjectConfigurationPlatforms) = postSolution
		{700A7978-8A8D-465F-A16F-57B15C2F9498}.Debug|Any CPU.ActiveCfg = Debug|Any CPU
		{700A7978-8A8D-465F-A16F-57B15C2F9498}.Debug|Any CPU.Build.0 = Debug|Any CPU
		{700A7978-8A8D-465F-A16F-57B15C2F9498}.Release|Any CPU.ActiveCfg = Release|Any CPU
		{700A7978-8A8D-465F-A16F-57B15C2F9498}.Release|Any CPU.Build.0 = Release|Any CPU
		{75FA59BB-647A-4B79-9396-D146128A45A6}.Debug|Any CPU.ActiveCfg = Debug|Any CPU
		{75FA59BB-647A-4B79-9396-D146128A45A6}.Debug|Any CPU.Build.0 = Debug|Any CPU
		{75FA59BB-647A-4B79-9396-D146128A45A6}.Release|Any CPU.ActiveCfg = Release|Any CPU
		{75FA59BB-647A-4B79-9396-D146128A45A6}.Release|Any CPU.Build.0 = Release|Any CPU
	EndGlobalSection
	GlobalSection(SolutionProperties) = preSolution
		HideSolutionNode = FALSE
	EndGlobalSection
	GlobalSection(ExtensibilityGlobals) = postSolution
		SolutionGuid = {447F2262-847C-4D48-9F9D-92B404DD0D29}
	EndGlobalSection
EndGlobal
